
Microsoft Visual Studio Solution File, Format Version 12.00
# Visual Studio Version 17
VisualStudioVersion = 17.4.33213.308
MinimumVisualStudioVersion = 10.0.40219.1
Project("{FAE04EC0-301F-11D3-BF4B-00C04F79EFBC}") = "DesignPattern.Exercise1", "DesignPatterns.Exercise1\DesignPattern.Exercise1.csproj", "{E82B7AA8-2D09-4BFD-B455-5139B8831BB4}"
EndProject
Project("{FAE04EC0-301F-11D3-BF4B-00C04F79EFBC}") = "DessignPattern.Exercise3", "DessignPattern.Exercise2\DessignPattern.Exercise3.csproj", "{F474087E-D7AF-4013-A587-325D4635BB3C}"
EndProject
Project("{FAE04EC0-301F-11D3-BF4B-00C04F79EFBC}") = "DesignPattern.Exercise2", "DesignPattern.Exercise2\DesignPattern.Exercise2.csproj", "{2AA4F87D-E59F-4881-ACCD-DDD3BE49690B}"
EndProject
Global
	GlobalSection(SolutionConfigurationPlatforms) = preSolution
		Debug|Any CPU = Debug|Any CPU
		Release|Any CPU = Release|Any CPU
	EndGlobalSection
	GlobalSection(ProjectConfigurationPlatforms) = postSolution
		{E82B7AA8-2D09-4BFD-B455-5139B8831BB4}.Debug|Any CPU.ActiveCfg = Debug|Any CPU
		{E82B7AA8-2D09-4BFD-B455-5139B8831BB4}.Debug|Any CPU.Build.0 = Debug|Any CPU
		{E82B7AA8-2D09-4BFD-B455-5139B8831BB4}.Release|Any CPU.ActiveCfg = Release|Any CPU
		{E82B7AA8-2D09-4BFD-B455-5139B8831BB4}.Release|Any CPU.Build.0 = Release|Any CPU
		{F474087E-D7AF-4013-A587-325D4635BB3C}.Debug|Any CPU.ActiveCfg = Debug|Any CPU
		{F474087E-D7AF-4013-A587-325D4635BB3C}.Debug|Any CPU.Build.0 = Debug|Any CPU
		{F474087E-D7AF-4013-A587-325D4635BB3C}.Release|Any CPU.ActiveCfg = Release|Any CPU
		{F474087E-D7AF-4013-A587-325D4635BB3C}.Release|Any CPU.Build.0 = Release|Any CPU
		{2AA4F87D-E59F-4881-ACCD-DDD3BE49690B}.Debug|Any CPU.ActiveCfg = Debug|Any CPU
		{2AA4F87D-E59F-4881-ACCD-DDD3BE49690B}.Debug|Any CPU.Build.0 = Debug|Any CPU
		{2AA4F87D-E59F-4881-ACCD-DDD3BE49690B}.Release|Any CPU.ActiveCfg = Release|Any CPU
		{2AA4F87D-E59F-4881-ACCD-DDD3BE49690B}.Release|Any CPU.Build.0 = Release|Any CPU
	EndGlobalSection
	GlobalSection(SolutionProperties) = preSolution
		HideSolutionNode = FALSE
	EndGlobalSection
	GlobalSection(ExtensibilityGlobals) = postSolution
		SolutionGuid = {5638E415-2EB3-435A-85A9-8E9E55102EB7}
	EndGlobalSection
EndGlobal
