
Microsoft Visual Studio Solution File, Format Version 12.00
# Visual Studio Version 17
VisualStudioVersion = 17.4.33213.308
MinimumVisualStudioVersion = 10.0.40219.1
Project("{FAE04EC0-301F-11D3-BF4B-00C04F79EFBC}") = "MTDemo1", "MTDemo1\MTDemo1.csproj", "{8A7935A5-0DCF-4ECC-B137-2CBD13DD08EE}"
EndProject
Project("{FAE04EC0-301F-11D3-BF4B-00C04F79EFBC}") = "MTDemo2", "MTDemo2\MTDemo2.csproj", "{CECAA8FF-1EF6-4DAF-82BF-B42E7C8BB472}"
EndProject
Project("{FAE04EC0-301F-11D3-BF4B-00C04F79EFBC}") = "MTDemo3", "MTDemo3\MTDemo3.csproj", "{A046AA24-5926-45E8-8BF0-201F9A2B8248}"
EndProject
Global
	GlobalSection(SolutionConfigurationPlatforms) = preSolution
		Debug|Any CPU = Debug|Any CPU
		Release|Any CPU = Release|Any CPU
	EndGlobalSection
	GlobalSection(ProjectConfigurationPlatforms) = postSolution
		{8A7935A5-0DCF-4ECC-B137-2CBD13DD08EE}.Debug|Any CPU.ActiveCfg = Debug|Any CPU
		{8A7935A5-0DCF-4ECC-B137-2CBD13DD08EE}.Debug|Any CPU.Build.0 = Debug|Any CPU
		{8A7935A5-0DCF-4ECC-B137-2CBD13DD08EE}.Release|Any CPU.ActiveCfg = Release|Any CPU
		{8A7935A5-0DCF-4ECC-B137-2CBD13DD08EE}.Release|Any CPU.Build.0 = Release|Any CPU
		{CECAA8FF-1EF6-4DAF-82BF-B42E7C8BB472}.Debug|Any CPU.ActiveCfg = Debug|Any CPU
		{CECAA8FF-1EF6-4DAF-82BF-B42E7C8BB472}.Debug|Any CPU.Build.0 = Debug|Any CPU
		{CECAA8FF-1EF6-4DAF-82BF-B42E7C8BB472}.Release|Any CPU.ActiveCfg = Release|Any CPU
		{CECAA8FF-1EF6-4DAF-82BF-B42E7C8BB472}.Release|Any CPU.Build.0 = Release|Any CPU
		{A046AA24-5926-45E8-8BF0-201F9A2B8248}.Debug|Any CPU.ActiveCfg = Debug|Any CPU
		{A046AA24-5926-45E8-8BF0-201F9A2B8248}.Debug|Any CPU.Build.0 = Debug|Any CPU
		{A046AA24-5926-45E8-8BF0-201F9A2B8248}.Release|Any CPU.ActiveCfg = Release|Any CPU
		{A046AA24-5926-45E8-8BF0-201F9A2B8248}.Release|Any CPU.Build.0 = Release|Any CPU
	EndGlobalSection
	GlobalSection(SolutionProperties) = preSolution
		HideSolutionNode = FALSE
	EndGlobalSection
	GlobalSection(ExtensibilityGlobals) = postSolution
		SolutionGuid = {6C430218-1434-4B5E-AB77-693DEAE04B9E}
	EndGlobalSection
EndGlobal
