
Microsoft Visual Studio Solution File, Format Version 12.00
# Visual Studio Version 17
VisualStudioVersion = 17.4.33213.308
MinimumVisualStudioVersion = 10.0.40219.1
Project("{FAE04EC0-301F-11D3-BF4B-00C04F79EFBC}") = "SimpleCalculatorLibrary", "SimpleCalculatorLibrary\SimpleCalculatorLibrary.csproj", "{C2DD992C-B953-475D-AE27-1C8E746A7065}"
EndProject
Project("{FAE04EC0-301F-11D3-BF4B-00C04F79EFBC}") = "SimpleCalculator.UnitTest", "SimpleCalculator.UnitTest\SimpleCalculator.UnitTest.csproj", "{EBB77CD8-2D1E-424C-8BEC-1B5AF7F3A59A}"
EndProject
Project("{FAE04EC0-301F-11D3-BF4B-00C04F79EFBC}") = "SimpleCalculator.DataAccess", "SimpleCalculator.DataAccess\SimpleCalculator.DataAccess.csproj", "{19CFFF31-AB62-4DBC-9762-6D99E86814B8}"
EndProject
Global
	GlobalSection(SolutionConfigurationPlatforms) = preSolution
		Debug|Any CPU = Debug|Any CPU
		Release|Any CPU = Release|Any CPU
	EndGlobalSection
	GlobalSection(ProjectConfigurationPlatforms) = postSolution
		{C2DD992C-B953-475D-AE27-1C8E746A7065}.Debug|Any CPU.ActiveCfg = Debug|Any CPU
		{C2DD992C-B953-475D-AE27-1C8E746A7065}.Debug|Any CPU.Build.0 = Debug|Any CPU
		{C2DD992C-B953-475D-AE27-1C8E746A7065}.Release|Any CPU.ActiveCfg = Release|Any CPU
		{C2DD992C-B953-475D-AE27-1C8E746A7065}.Release|Any CPU.Build.0 = Release|Any CPU
		{EBB77CD8-2D1E-424C-8BEC-1B5AF7F3A59A}.Debug|Any CPU.ActiveCfg = Debug|Any CPU
		{EBB77CD8-2D1E-424C-8BEC-1B5AF7F3A59A}.Debug|Any CPU.Build.0 = Debug|Any CPU
		{EBB77CD8-2D1E-424C-8BEC-1B5AF7F3A59A}.Release|Any CPU.ActiveCfg = Release|Any CPU
		{EBB77CD8-2D1E-424C-8BEC-1B5AF7F3A59A}.Release|Any CPU.Build.0 = Release|Any CPU
		{19CFFF31-AB62-4DBC-9762-6D99E86814B8}.Debug|Any CPU.ActiveCfg = Debug|Any CPU
		{19CFFF31-AB62-4DBC-9762-6D99E86814B8}.Debug|Any CPU.Build.0 = Debug|Any CPU
		{19CFFF31-AB62-4DBC-9762-6D99E86814B8}.Release|Any CPU.ActiveCfg = Release|Any CPU
		{19CFFF31-AB62-4DBC-9762-6D99E86814B8}.Release|Any CPU.Build.0 = Release|Any CPU
	EndGlobalSection
	GlobalSection(SolutionProperties) = preSolution
		HideSolutionNode = FALSE
	EndGlobalSection
	GlobalSection(ExtensibilityGlobals) = postSolution
		SolutionGuid = {7BB82EA8-9959-4682-8C8C-3CEEA99B528D}
	EndGlobalSection
EndGlobal
