
Microsoft Visual Studio Solution File, Format Version 12.00
# Visual Studio Version 17
VisualStudioVersion = 17.4.33213.308
MinimumVisualStudioVersion = 10.0.40219.1
Project("{FAE04EC0-301F-11D3-BF4B-00C04F79EFBC}") = "HospitalProject", "HospitalProject\HospitalProject.csproj", "{B95669B9-7B8C-4ADD-AE39-3B2FF106D72B}"
EndProject
Global
	GlobalSection(SolutionConfigurationPlatforms) = preSolution
		Debug|Any CPU = Debug|Any CPU
		Release|Any CPU = Release|Any CPU
	EndGlobalSection
	GlobalSection(ProjectConfigurationPlatforms) = postSolution
		{B95669B9-7B8C-4ADD-AE39-3B2FF106D72B}.Debug|Any CPU.ActiveCfg = Debug|Any CPU
		{B95669B9-7B8C-4ADD-AE39-3B2FF106D72B}.Debug|Any CPU.Build.0 = Debug|Any CPU
		{B95669B9-7B8C-4ADD-AE39-3B2FF106D72B}.Release|Any CPU.ActiveCfg = Release|Any CPU
		{B95669B9-7B8C-4ADD-AE39-3B2FF106D72B}.Release|Any CPU.Build.0 = Release|Any CPU
	EndGlobalSection
	GlobalSection(SolutionProperties) = preSolution
		HideSolutionNode = FALSE
	EndGlobalSection
	GlobalSection(ExtensibilityGlobals) = postSolution
		SolutionGuid = {59D13175-D971-440C-8556-3BE0417A871A}
	EndGlobalSection
EndGlobal
