
Microsoft Visual Studio Solution File, Format Version 12.00
# Visual Studio Version 17
VisualStudioVersion = 17.4.33213.308
MinimumVisualStudioVersion = 10.0.40219.1
Project("{FAE04EC0-301F-11D3-BF4B-00C04F79EFBC}") = "Events.Web", "Events.Web\Events.Web.csproj", "{D9330CF6-CAF3-4022-82A7-AB8139FF8DCA}"
EndProject
Project("{FAE04EC0-301F-11D3-BF4B-00C04F79EFBC}") = "Events.Data", "Events.Data\Events.Data.csproj", "{5112BCE7-A973-4F63-ADD9-77EE8BE27ED7}"
EndProject
Global
	GlobalSection(SolutionConfigurationPlatforms) = preSolution
		Debug|Any CPU = Debug|Any CPU
		Release|Any CPU = Release|Any CPU
	EndGlobalSection
	GlobalSection(ProjectConfigurationPlatforms) = postSolution
		{D9330CF6-CAF3-4022-82A7-AB8139FF8DCA}.Debug|Any CPU.ActiveCfg = Debug|Any CPU
		{D9330CF6-CAF3-4022-82A7-AB8139FF8DCA}.Debug|Any CPU.Build.0 = Debug|Any CPU
		{D9330CF6-CAF3-4022-82A7-AB8139FF8DCA}.Release|Any CPU.ActiveCfg = Release|Any CPU
		{D9330CF6-CAF3-4022-82A7-AB8139FF8DCA}.Release|Any CPU.Build.0 = Release|Any CPU
		{5112BCE7-A973-4F63-ADD9-77EE8BE27ED7}.Debug|Any CPU.ActiveCfg = Debug|Any CPU
		{5112BCE7-A973-4F63-ADD9-77EE8BE27ED7}.Debug|Any CPU.Build.0 = Debug|Any CPU
		{5112BCE7-A973-4F63-ADD9-77EE8BE27ED7}.Release|Any CPU.ActiveCfg = Release|Any CPU
		{5112BCE7-A973-4F63-ADD9-77EE8BE27ED7}.Release|Any CPU.Build.0 = Release|Any CPU
	EndGlobalSection
	GlobalSection(SolutionProperties) = preSolution
		HideSolutionNode = FALSE
	EndGlobalSection
	GlobalSection(ExtensibilityGlobals) = postSolution
		SolutionGuid = {6739DBFE-F835-452F-AD53-2EDCC06904A1}
	EndGlobalSection
EndGlobal
