
Microsoft Visual Studio Solution File, Format Version 12.00
# Visual Studio Version 17
VisualStudioVersion = 17.4.33213.308
MinimumVisualStudioVersion = 10.0.40219.1
Project("{FAE04EC0-301F-11D3-BF4B-00C04F79EFBC}") = "SellPhonesStore.Entities", "SellPhonesStore.Entities\SellPhonesStore.Entities.csproj", "{BF16F3D7-5CEA-47D6-9361-C41B6882B795}"
EndProject
Project("{FAE04EC0-301F-11D3-BF4B-00C04F79EFBC}") = "SellPhonesStore.DataAccess", "SellPhonesStore.DataAccess\SellPhonesStore.DataAccess.csproj", "{F5FA6BBB-F899-42C7-A6D8-B9CC4542A50B}"
EndProject
Project("{FAE04EC0-301F-11D3-BF4B-00C04F79EFBC}") = "SellPhonesStore.ConsoleClient", "SellPhonesStore.ConsoleClient\SellPhonesStore.ConsoleClient.csproj", "{436641F1-24E6-4579-A909-6D649DA01791}"
EndProject
Global
	GlobalSection(SolutionConfigurationPlatforms) = preSolution
		Debug|Any CPU = Debug|Any CPU
		Release|Any CPU = Release|Any CPU
	EndGlobalSection
	GlobalSection(ProjectConfigurationPlatforms) = postSolution
		{BF16F3D7-5CEA-47D6-9361-C41B6882B795}.Debug|Any CPU.ActiveCfg = Debug|Any CPU
		{BF16F3D7-5CEA-47D6-9361-C41B6882B795}.Debug|Any CPU.Build.0 = Debug|Any CPU
		{BF16F3D7-5CEA-47D6-9361-C41B6882B795}.Release|Any CPU.ActiveCfg = Release|Any CPU
		{BF16F3D7-5CEA-47D6-9361-C41B6882B795}.Release|Any CPU.Build.0 = Release|Any CPU
		{F5FA6BBB-F899-42C7-A6D8-B9CC4542A50B}.Debug|Any CPU.ActiveCfg = Debug|Any CPU
		{F5FA6BBB-F899-42C7-A6D8-B9CC4542A50B}.Debug|Any CPU.Build.0 = Debug|Any CPU
		{F5FA6BBB-F899-42C7-A6D8-B9CC4542A50B}.Release|Any CPU.ActiveCfg = Release|Any CPU
		{F5FA6BBB-F899-42C7-A6D8-B9CC4542A50B}.Release|Any CPU.Build.0 = Release|Any CPU
		{436641F1-24E6-4579-A909-6D649DA01791}.Debug|Any CPU.ActiveCfg = Debug|Any CPU
		{436641F1-24E6-4579-A909-6D649DA01791}.Debug|Any CPU.Build.0 = Debug|Any CPU
		{436641F1-24E6-4579-A909-6D649DA01791}.Release|Any CPU.ActiveCfg = Release|Any CPU
		{436641F1-24E6-4579-A909-6D649DA01791}.Release|Any CPU.Build.0 = Release|Any CPU
	EndGlobalSection
	GlobalSection(SolutionProperties) = preSolution
		HideSolutionNode = FALSE
	EndGlobalSection
	GlobalSection(ExtensibilityGlobals) = postSolution
		SolutionGuid = {601C72EC-0578-46AE-BCCD-A424877B44A5}
	EndGlobalSection
EndGlobal
