
Microsoft Visual Studio Solution File, Format Version 12.00
# Visual Studio Version 17
VisualStudioVersion = 17.4.33213.308
MinimumVisualStudioVersion = 10.0.40219.1
Project("{FAE04EC0-301F-11D3-BF4B-00C04F79EFBC}") = "CompanyOrders", "CompanyOrders\CompanyOrders.csproj", "{B60D511C-B727-4AAE-876F-EE7E187D6A5F}"
EndProject
Global
	GlobalSection(SolutionConfigurationPlatforms) = preSolution
		Debug|Any CPU = Debug|Any CPU
		Release|Any CPU = Release|Any CPU
	EndGlobalSection
	GlobalSection(ProjectConfigurationPlatforms) = postSolution
		{B60D511C-B727-4AAE-876F-EE7E187D6A5F}.Debug|Any CPU.ActiveCfg = Debug|Any CPU
		{B60D511C-B727-4AAE-876F-EE7E187D6A5F}.Debug|Any CPU.Build.0 = Debug|Any CPU
		{B60D511C-B727-4AAE-876F-EE7E187D6A5F}.Release|Any CPU.ActiveCfg = Release|Any CPU
		{B60D511C-B727-4AAE-876F-EE7E187D6A5F}.Release|Any CPU.Build.0 = Release|Any CPU
	EndGlobalSection
	GlobalSection(SolutionProperties) = preSolution
		HideSolutionNode = FALSE
	EndGlobalSection
	GlobalSection(ExtensibilityGlobals) = postSolution
		SolutionGuid = {3D45D7E4-462E-4821-85B1-CCE911D5EB95}
	EndGlobalSection
EndGlobal
