
Microsoft Visual Studio Solution File, Format Version 12.00
# Visual Studio Version 17
VisualStudioVersion = 17.4.33213.308
MinimumVisualStudioVersion = 10.0.40219.1
Project("{FAE04EC0-301F-11D3-BF4B-00C04F79EFBC}") = "DelegatesDemo", "DelegatesDemo\DelegatesDemo.csproj", "{8C3E90AA-1684-4D01-AED3-34A3ED89CDBA}"
EndProject
Global
	GlobalSection(SolutionConfigurationPlatforms) = preSolution
		Debug|Any CPU = Debug|Any CPU
		Release|Any CPU = Release|Any CPU
	EndGlobalSection
	GlobalSection(ProjectConfigurationPlatforms) = postSolution
		{8C3E90AA-1684-4D01-AED3-34A3ED89CDBA}.Debug|Any CPU.ActiveCfg = Debug|Any CPU
		{8C3E90AA-1684-4D01-AED3-34A3ED89CDBA}.Debug|Any CPU.Build.0 = Debug|Any CPU
		{8C3E90AA-1684-4D01-AED3-34A3ED89CDBA}.Release|Any CPU.ActiveCfg = Release|Any CPU
		{8C3E90AA-1684-4D01-AED3-34A3ED89CDBA}.Release|Any CPU.Build.0 = Release|Any CPU
	EndGlobalSection
	GlobalSection(SolutionProperties) = preSolution
		HideSolutionNode = FALSE
	EndGlobalSection
	GlobalSection(ExtensibilityGlobals) = postSolution
		SolutionGuid = {64FF9A30-79E2-48B9-B38E-681AF61DA7E3}
	EndGlobalSection
EndGlobal
