
Microsoft Visual Studio Solution File, Format Version 12.00
# Visual Studio Version 17
VisualStudioVersion = 17.4.33213.308
MinimumVisualStudioVersion = 10.0.40219.1
Project("{FAE04EC0-301F-11D3-BF4B-00C04F79EFBC}") = "ExceptionHandlingDemo", "ExceptionHandlingDemo\ExceptionHandlingDemo.csproj", "{B642F65A-5986-4B4A-87D7-17EA00D5E262}"
EndProject
Global
	GlobalSection(SolutionConfigurationPlatforms) = preSolution
		Debug|Any CPU = Debug|Any CPU
		Release|Any CPU = Release|Any CPU
	EndGlobalSection
	GlobalSection(ProjectConfigurationPlatforms) = postSolution
		{B642F65A-5986-4B4A-87D7-17EA00D5E262}.Debug|Any CPU.ActiveCfg = Debug|Any CPU
		{B642F65A-5986-4B4A-87D7-17EA00D5E262}.Debug|Any CPU.Build.0 = Debug|Any CPU
		{B642F65A-5986-4B4A-87D7-17EA00D5E262}.Release|Any CPU.ActiveCfg = Release|Any CPU
		{B642F65A-5986-4B4A-87D7-17EA00D5E262}.Release|Any CPU.Build.0 = Release|Any CPU
	EndGlobalSection
	GlobalSection(SolutionProperties) = preSolution
		HideSolutionNode = FALSE
	EndGlobalSection
	GlobalSection(ExtensibilityGlobals) = postSolution
		SolutionGuid = {6E3F0990-DF8C-48BA-B34A-7E2B934C7772}
	EndGlobalSection
EndGlobal
